
Microsoft Visual Studio Solution File, Format Version 12.00
# Visual Studio Version 16
VisualStudioVersion = 16.0.30406.217
MinimumVisualStudioVersion = 10.0.40219.1
Project("{FAE04EC0-301F-11D3-BF4B-00C04F79EFBC}") = "DoWhileLoop", "DoWhileLoop\DoWhileLoop.csproj", "{0A999F18-B95F-4D5B-B9BF-78B3DCC2A9AF}"
EndProject
Global
	GlobalSection(SolutionConfigurationPlatforms) = preSolution
		Debug|Any CPU = Debug|Any CPU
		Release|Any CPU = Release|Any CPU
	EndGlobalSection
	GlobalSection(ProjectConfigurationPlatforms) = postSolution
		{0A999F18-B95F-4D5B-B9BF-78B3DCC2A9AF}.Debug|Any CPU.ActiveCfg = Debug|Any CPU
		{0A999F18-B95F-4D5B-B9BF-78B3DCC2A9AF}.Debug|Any CPU.Build.0 = Debug|Any CPU
		{0A999F18-B95F-4D5B-B9BF-78B3DCC2A9AF}.Release|Any CPU.ActiveCfg = Release|Any CPU
		{0A999F18-B95F-4D5B-B9BF-78B3DCC2A9AF}.Release|Any CPU.Build.0 = Release|Any CPU
	EndGlobalSection
	GlobalSection(SolutionProperties) = preSolution
		HideSolutionNode = FALSE
	EndGlobalSection
	GlobalSection(ExtensibilityGlobals) = postSolution
		SolutionGuid = {4AA82A1D-7463-4E39-B974-DEE308E5AD68}
	EndGlobalSection
EndGlobal
