
Microsoft Visual Studio Solution File, Format Version 12.00
# Visual Studio Version 16
VisualStudioVersion = 16.0.30406.217
MinimumVisualStudioVersion = 10.0.40219.1
Project("{FAE04EC0-301F-11D3-BF4B-00C04F79EFBC}") = "MathAndComparisonOperators(new)", "MathAndComparisonOperators(new)\MathAndComparisonOperators(new).csproj", "{AD3A9340-5C15-4FA7-91DE-3AEC50C8AFED}"
EndProject
Global
	GlobalSection(SolutionConfigurationPlatforms) = preSolution
		Debug|Any CPU = Debug|Any CPU
		Release|Any CPU = Release|Any CPU
	EndGlobalSection
	GlobalSection(ProjectConfigurationPlatforms) = postSolution
		{AD3A9340-5C15-4FA7-91DE-3AEC50C8AFED}.Debug|Any CPU.ActiveCfg = Debug|Any CPU
		{AD3A9340-5C15-4FA7-91DE-3AEC50C8AFED}.Debug|Any CPU.Build.0 = Debug|Any CPU
		{AD3A9340-5C15-4FA7-91DE-3AEC50C8AFED}.Release|Any CPU.ActiveCfg = Release|Any CPU
		{AD3A9340-5C15-4FA7-91DE-3AEC50C8AFED}.Release|Any CPU.Build.0 = Release|Any CPU
	EndGlobalSection
	GlobalSection(SolutionProperties) = preSolution
		HideSolutionNode = FALSE
	EndGlobalSection
	GlobalSection(ExtensibilityGlobals) = postSolution
		SolutionGuid = {3F868BD3-6E53-484C-ABC5-8ABC7CD7EA1F}
	EndGlobalSection
EndGlobal
